// !$*UTF8*$!
{
	archiveVersion = 1;
	classes = {
	};
	objectVersion = 56;
	objects = {

/* Begin PBXBuildFile section */
		222EB28D2D1E9BD200524C55 /* ReadictionaryApp.swift in Sources */ = {isa = PBXBuildFile; fileRef = 222EB28C2D1E9BD200524C55 /* ReadictionaryApp.swift */; };
		222EB28F2D1E9BD200524C55 /* ContentView.swift in Sources */ = {isa = PBXBuildFile; fileRef = 222EB28E2D1E9BD200524C55 /* ContentView.swift */; };
		222EB2912D1E9BD400524C55 /* Assets.xcassets in Resources */ = {isa = PBXBuildFile; fileRef = 222EB2902D1E9BD400524C55 /* Assets.xcassets */; };
		222EB2942D1E9BD400524C55 /* Preview Assets.xcassets in Resources */ = {isa = PBXBuildFile; fileRef = 222EB2932D1E9BD400524C55 /* Preview Assets.xcassets */; };
		222EB29B2D1EB90C00524C55 /* DocumentListView.swift in Sources */ = {isa = PBXBuildFile; fileRef = 222EB29A2D1EB90C00524C55 /* DocumentListView.swift */; };
		222EB29D2D1EBA0300524C55 /* ReadingView.swift in Sources */ = {isa = PBXBuildFile; fileRef = 222EB29C2D1EBA0300524C55 /* ReadingView.swift */; };
		222EB29F2D1EBB2900524C55 /* DocumentPicker.swift in Sources */ = {isa = PBXBuildFile; fileRef = 222EB29E2D1EBB2900524C55 /* DocumentPicker.swift */; };
		226E6EF42D230FBB00B4A33A /* StreamingDelegate.swift in Sources */ = {isa = PBXBuildFile; fileRef = 226E6EF32D230FBB00B4A33A /* StreamingDelegate.swift */; };
		226E6EF72D27C20100B4A33A /* CacheManager.swift in Sources */ = {isa = PBXBuildFile; fileRef = 226E6EF62D27C20100B4A33A /* CacheManager.swift */; };
		226E6EF92D27EEC700B4A33A /* TextModeListView.swift in Sources */ = {isa = PBXBuildFile; fileRef = 226E6EF82D27EEC700B4A33A /* TextModeListView.swift */; };
		226E6EFB2D27EEEB00B4A33A /* TextModeInputView.swift in Sources */ = {isa = PBXBuildFile; fileRef = 226E6EFA2D27EEEB00B4A33A /* TextModeInputView.swift */; };
		226E6EFD2D27EF0A00B4A33A /* TextRecord.swift in Sources */ = {isa = PBXBuildFile; fileRef = 226E6EFC2D27EF0A00B4A33A /* TextRecord.swift */; };
		226E6EFF2D27EFE100B4A33A /* TextModeDetailView.swift in Sources */ = {isa = PBXBuildFile; fileRef = 226E6EFE2D27EFE100B4A33A /* TextModeDetailView.swift */; };
		227F492F2D285A710068FE96 /* TranslationService.swift in Sources */ = {isa = PBXBuildFile; fileRef = 227F492E2D285A710068FE96 /* TranslationService.swift */; };
		22934B332D1ED7F40059681F /* DictionaryView.swift in Sources */ = {isa = PBXBuildFile; fileRef = 22934B322D1ED7F40059681F /* DictionaryView.swift */; };
		22934B372D1ED8510059681F /* PDFKitView.swift in Sources */ = {isa = PBXBuildFile; fileRef = 22934B362D1ED8510059681F /* PDFKitView.swift */; };
		22934B3E2D202F650059681F /* TranslatedWord.swift in Sources */ = {isa = PBXBuildFile; fileRef = 22934B3D2D202F650059681F /* TranslatedWord.swift */; };
		22934B402D202FA70059681F /* TranslatedWordRow.swift in Sources */ = {isa = PBXBuildFile; fileRef = 22934B3F2D202FA70059681F /* TranslatedWordRow.swift */; };
		22934B442D20522B0059681F /* Config.swift in Sources */ = {isa = PBXBuildFile; fileRef = 22934B432D20522B0059681F /* Config.swift */; };
/* End PBXBuildFile section */

/* Begin PBXFileReference section */
		222EB2892D1E9BD200524C55 /* Readictionary.app */ = {isa = PBXFileReference; explicitFileType = wrapper.application; includeInIndex = 0; path = Readictionary.app; sourceTree = BUILT_PRODUCTS_DIR; };
		222EB28C2D1E9BD200524C55 /* ReadictionaryApp.swift */ = {isa = PBXFileReference; lastKnownFileType = sourcecode.swift; path = ReadictionaryApp.swift; sourceTree = "<group>"; };
		222EB28E2D1E9BD200524C55 /* ContentView.swift */ = {isa = PBXFileReference; lastKnownFileType = sourcecode.swift; path = ContentView.swift; sourceTree = "<group>"; };
		222EB2902D1E9BD400524C55 /* Assets.xcassets */ = {isa = PBXFileReference; lastKnownFileType = folder.assetcatalog; path = Assets.xcassets; sourceTree = "<group>"; };
		222EB2932D1E9BD400524C55 /* Preview Assets.xcassets */ = {isa = PBXFileReference; lastKnownFileType = folder.assetcatalog; path = "Preview Assets.xcassets"; sourceTree = "<group>"; };
		222EB29A2D1EB90C00524C55 /* DocumentListView.swift */ = {isa = PBXFileReference; lastKnownFileType = sourcecode.swift; path = DocumentListView.swift; sourceTree = "<group>"; };
		222EB29C2D1EBA0300524C55 /* ReadingView.swift */ = {isa = PBXFileReference; lastKnownFileType = sourcecode.swift; path = ReadingView.swift; sourceTree = "<group>"; };
		222EB29E2D1EBB2900524C55 /* DocumentPicker.swift */ = {isa = PBXFileReference; lastKnownFileType = sourcecode.swift; path = DocumentPicker.swift; sourceTree = "<group>"; };
		226E6EF32D230FBB00B4A33A /* StreamingDelegate.swift */ = {isa = PBXFileReference; lastKnownFileType = sourcecode.swift; path = StreamingDelegate.swift; sourceTree = "<group>"; };
		226E6EF62D27C20100B4A33A /* CacheManager.swift */ = {isa = PBXFileReference; lastKnownFileType = sourcecode.swift; path = CacheManager.swift; sourceTree = "<group>"; };
		226E6EF82D27EEC700B4A33A /* TextModeListView.swift */ = {isa = PBXFileReference; lastKnownFileType = sourcecode.swift; path = TextModeListView.swift; sourceTree = "<group>"; };
		226E6EFA2D27EEEB00B4A33A /* TextModeInputView.swift */ = {isa = PBXFileReference; lastKnownFileType = sourcecode.swift; path = TextModeInputView.swift; sourceTree = "<group>"; };
		226E6EFC2D27EF0A00B4A33A /* TextRecord.swift */ = {isa = PBXFileReference; lastKnownFileType = sourcecode.swift; path = TextRecord.swift; sourceTree = "<group>"; };
		226E6EFE2D27EFE100B4A33A /* TextModeDetailView.swift */ = {isa = PBXFileReference; lastKnownFileType = sourcecode.swift; path = TextModeDetailView.swift; sourceTree = "<group>"; };
		227F492E2D285A710068FE96 /* TranslationService.swift */ = {isa = PBXFileReference; lastKnownFileType = sourcecode.swift; path = TranslationService.swift; sourceTree = "<group>"; };
		22934B322D1ED7F40059681F /* DictionaryView.swift */ = {isa = PBXFileReference; lastKnownFileType = sourcecode.swift; path = DictionaryView.swift; sourceTree = "<group>"; };
		22934B362D1ED8510059681F /* PDFKitView.swift */ = {isa = PBXFileReference; lastKnownFileType = sourcecode.swift; path = PDFKitView.swift; sourceTree = "<group>"; };
		22934B3D2D202F650059681F /* TranslatedWord.swift */ = {isa = PBXFileReference; lastKnownFileType = sourcecode.swift; path = TranslatedWord.swift; sourceTree = "<group>"; };
		22934B3F2D202FA70059681F /* TranslatedWordRow.swift */ = {isa = PBXFileReference; lastKnownFileType = sourcecode.swift; path = TranslatedWordRow.swift; sourceTree = "<group>"; };
		22934B432D20522B0059681F /* Config.swift */ = {isa = PBXFileReference; lastKnownFileType = sourcecode.swift; path = Config.swift; sourceTree = "<group>"; };
/* End PBXFileReference section */

/* Begin PBXFrameworksBuildPhase section */
		222EB2862D1E9BD200524C55 /* Frameworks */ = {
			isa = PBXFrameworksBuildPhase;
			buildActionMask = 2147483647;
			files = (
			);
			runOnlyForDeploymentPostprocessing = 0;
		};
/* End PBXFrameworksBuildPhase section */

/* Begin PBXGroup section */
		222EB2802D1E9BD200524C55 = {
			isa = PBXGroup;
			children = (
				222EB28B2D1E9BD200524C55 /* Readictionary */,
				222EB28A2D1E9BD200524C55 /* Products */,
			);
			sourceTree = "<group>";
		};
		222EB28A2D1E9BD200524C55 /* Products */ = {
			isa = PBXGroup;
			children = (
				222EB2892D1E9BD200524C55 /* Readictionary.app */,
			);
			name = Products;
			sourceTree = "<group>";
		};
		222EB28B2D1E9BD200524C55 /* Readictionary */ = {
			isa = PBXGroup;
			children = (
				226E6EF52D230FFB00B4A33A /* Utilities */,
				22934B462D230F4F0059681F /* Models */,
				22934B452D230F460059681F /* Controllers */,
				222EB2A02D1EBBA200524C55 /* Views */,
				222EB28C2D1E9BD200524C55 /* ReadictionaryApp.swift */,
				222EB2902D1E9BD400524C55 /* Assets.xcassets */,
				222EB2922D1E9BD400524C55 /* Preview Content */,
			);
			path = Readictionary;
			sourceTree = "<group>";
		};
		222EB2922D1E9BD400524C55 /* Preview Content */ = {
			isa = PBXGroup;
			children = (
				222EB2932D1E9BD400524C55 /* Preview Assets.xcassets */,
			);
			path = "Preview Content";
			sourceTree = "<group>";
		};
		222EB2A02D1EBBA200524C55 /* Views */ = {
			isa = PBXGroup;
			children = (
				222EB29A2D1EB90C00524C55 /* DocumentListView.swift */,
				222EB29E2D1EBB2900524C55 /* DocumentPicker.swift */,
				222EB29C2D1EBA0300524C55 /* ReadingView.swift */,
				222EB28E2D1E9BD200524C55 /* ContentView.swift */,
				22934B322D1ED7F40059681F /* DictionaryView.swift */,
				22934B362D1ED8510059681F /* PDFKitView.swift */,
				22934B3F2D202FA70059681F /* TranslatedWordRow.swift */,
				226E6EF82D27EEC700B4A33A /* TextModeListView.swift */,
				226E6EFA2D27EEEB00B4A33A /* TextModeInputView.swift */,
				226E6EFE2D27EFE100B4A33A /* TextModeDetailView.swift */,
			);
			path = Views;
			sourceTree = "<group>";
		};
		226E6EF52D230FFB00B4A33A /* Utilities */ = {
			isa = PBXGroup;
			children = (
				22934B432D20522B0059681F /* Config.swift */,
				226E6EF62D27C20100B4A33A /* CacheManager.swift */,
				227F492E2D285A710068FE96 /* TranslationService.swift */,
			);
			path = Utilities;
			sourceTree = "<group>";
		};
		22934B452D230F460059681F /* Controllers */ = {
			isa = PBXGroup;
			children = (
				226E6EF32D230FBB00B4A33A /* StreamingDelegate.swift */,
			);
			path = Controllers;
			sourceTree = "<group>";
		};
		22934B462D230F4F0059681F /* Models */ = {
			isa = PBXGroup;
			children = (
				22934B3D2D202F650059681F /* TranslatedWord.swift */,
				226E6EFC2D27EF0A00B4A33A /* TextRecord.swift */,
			);
			path = Models;
			sourceTree = "<group>";
		};
/* End PBXGroup section */

/* Begin PBXNativeTarget section */
		222EB2882D1E9BD200524C55 /* Readictionary */ = {
			isa = PBXNativeTarget;
			buildConfigurationList = 222EB2972D1E9BD400524C55 /* Build configuration list for PBXNativeTarget "Readictionary" */;
			buildPhases = (
				222EB2852D1E9BD200524C55 /* Sources */,
				222EB2862D1E9BD200524C55 /* Frameworks */,
				222EB2872D1E9BD200524C55 /* Resources */,
			);
			buildRules = (
			);
			dependencies = (
			);
			name = Readictionary;
			productName = Readictionary;
			productReference = 222EB2892D1E9BD200524C55 /* Readictionary.app */;
			productType = "com.apple.product-type.application";
		};
/* End PBXNativeTarget section */

/* Begin PBXProject section */
		222EB2812D1E9BD200524C55 /* Project object */ = {
			isa = PBXProject;
			attributes = {
				BuildIndependentTargetsInParallel = 1;
				LastSwiftUpdateCheck = 1420;
				LastUpgradeCheck = 1420;
				TargetAttributes = {
					222EB2882D1E9BD200524C55 = {
						CreatedOnToolsVersion = 14.2;
					};
				};
			};
			buildConfigurationList = 222EB2842D1E9BD200524C55 /* Build configuration list for PBXProject "Readictionary" */;
			compatibilityVersion = "Xcode 14.0";
			developmentRegion = en;
			hasScannedForEncodings = 0;
			knownRegions = (
				en,
				Base,
			);
			mainGroup = 222EB2802D1E9BD200524C55;
			packageReferences = (
			);
			productRefGroup = 222EB28A2D1E9BD200524C55 /* Products */;
			projectDirPath = "";
			projectRoot = "";
			targets = (
				222EB2882D1E9BD200524C55 /* Readictionary */,
			);
		};
/* End PBXProject section */

/* Begin PBXResourcesBuildPhase section */
		222EB2872D1E9BD200524C55 /* Resources */ = {
			isa = PBXResourcesBuildPhase;
			buildActionMask = 2147483647;
			files = (
				222EB2942D1E9BD400524C55 /* Preview Assets.xcassets in Resources */,
				222EB2912D1E9BD400524C55 /* Assets.xcassets in Resources */,
			);
			runOnlyForDeploymentPostprocessing = 0;
		};
/* End PBXResourcesBuildPhase section */

/* Begin PBXSourcesBuildPhase section */
		222EB2852D1E9BD200524C55 /* Sources */ = {
			isa = PBXSourcesBuildPhase;
			buildActionMask = 2147483647;
			files = (
				22934B372D1ED8510059681F /* PDFKitView.swift in Sources */,
				22934B402D202FA70059681F /* TranslatedWordRow.swift in Sources */,
				226E6EFB2D27EEEB00B4A33A /* TextModeInputView.swift in Sources */,
				226E6EF92D27EEC700B4A33A /* TextModeListView.swift in Sources */,
				222EB29B2D1EB90C00524C55 /* DocumentListView.swift in Sources */,
				222EB29D2D1EBA0300524C55 /* ReadingView.swift in Sources */,
				226E6EF72D27C20100B4A33A /* CacheManager.swift in Sources */,
				222EB28F2D1E9BD200524C55 /* ContentView.swift in Sources */,
				226E6EF42D230FBB00B4A33A /* StreamingDelegate.swift in Sources */,
				222EB29F2D1EBB2900524C55 /* DocumentPicker.swift in Sources */,
				22934B3E2D202F650059681F /* TranslatedWord.swift in Sources */,
				22934B442D20522B0059681F /* Config.swift in Sources */,
				226E6EFF2D27EFE100B4A33A /* TextModeDetailView.swift in Sources */,
				22934B332D1ED7F40059681F /* DictionaryView.swift in Sources */,
				226E6EFD2D27EF0A00B4A33A /* TextRecord.swift in Sources */,
				227F492F2D285A710068FE96 /* TranslationService.swift in Sources */,
				222EB28D2D1E9BD200524C55 /* ReadictionaryApp.swift in Sources */,
			);
			runOnlyForDeploymentPostprocessing = 0;
		};
/* End PBXSourcesBuildPhase section */

/* Begin XCBuildConfiguration section */
		222EB2952D1E9BD400524C55 /* Debug */ = {
			isa = XCBuildConfiguration;
			buildSettings = {
				ALWAYS_SEARCH_USER_PATHS = NO;
				CLANG_ANALYZER_NONNULL = YES;
				CLANG_ANALYZER_NUMBER_OBJECT_CONVERSION = YES_AGGRESSIVE;
				CLANG_CXX_LANGUAGE_STANDARD = "gnu++20";
				CLANG_ENABLE_MODULES = YES;
				CLANG_ENABLE_OBJC_ARC = YES;
				CLANG_ENABLE_OBJC_WEAK = YES;
				CLANG_WARN_BLOCK_CAPTURE_AUTORELEASING = YES;
				CLANG_WARN_BOOL_CONVERSION = YES;
				CLANG_WARN_COMMA = YES;
				CLANG_WARN_CONSTANT_CONVERSION = YES;
				CLANG_WARN_DEPRECATED_OBJC_IMPLEMENTATIONS = YES;
				CLANG_WARN_DIRECT_OBJC_ISA_USAGE = YES_ERROR;
				CLANG_WARN_DOCUMENTATION_COMMENTS = YES;
				CLANG_WARN_EMPTY_BODY = YES;
				CLANG_WARN_ENUM_CONVERSION = YES;
				CLANG_WARN_INFINITE_RECURSION = YES;
				CLANG_WARN_INT_CONVERSION = YES;
				CLANG_WARN_NON_LITERAL_NULL_CONVERSION = YES;
				CLANG_WARN_OBJC_IMPLICIT_RETAIN_SELF = YES;
				CLANG_WARN_OBJC_LITERAL_CONVERSION = YES;
				CLANG_WARN_OBJC_ROOT_CLASS = YES_ERROR;
				CLANG_WARN_QUOTED_INCLUDE_IN_FRAMEWORK_HEADER = YES;
				CLANG_WARN_RANGE_LOOP_ANALYSIS = YES;
				CLANG_WARN_STRICT_PROTOTYPES = YES;
				CLANG_WARN_SUSPICIOUS_MOVE = YES;
				CLANG_WARN_UNGUARDED_AVAILABILITY = YES_AGGRESSIVE;
				CLANG_WARN_UNREACHABLE_CODE = YES;
				CLANG_WARN__DUPLICATE_METHOD_MATCH = YES;
				COPY_PHASE_STRIP = NO;
				DEBUG_INFORMATION_FORMAT = dwarf;
				ENABLE_STRICT_OBJC_MSGSEND = YES;
				ENABLE_TESTABILITY = YES;
				GCC_C_LANGUAGE_STANDARD = gnu11;
				GCC_DYNAMIC_NO_PIC = NO;
				GCC_NO_COMMON_BLOCKS = YES;
				GCC_OPTIMIZATION_LEVEL = 0;
				GCC_PREPROCESSOR_DEFINITIONS = (
					"DEBUG=1",
					"$(inherited)",
				);
				GCC_WARN_64_TO_32_BIT_CONVERSION = YES;
				GCC_WARN_ABOUT_RETURN_TYPE = YES_ERROR;
				GCC_WARN_UNDECLARED_SELECTOR = YES;
				GCC_WARN_UNINITIALIZED_AUTOS = YES_AGGRESSIVE;
				GCC_WARN_UNUSED_FUNCTION = YES;
				GCC_WARN_UNUSED_VARIABLE = YES;
				IPHONEOS_DEPLOYMENT_TARGET = 16.2;
				MTL_ENABLE_DEBUG_INFO = INCLUDE_SOURCE;
				MTL_FAST_MATH = YES;
				ONLY_ACTIVE_ARCH = YES;
				SDKROOT = iphoneos;
				SWIFT_ACTIVE_COMPILATION_CONDITIONS = DEBUG;
				SWIFT_OPTIMIZATION_LEVEL = "-Onone";
			};
			name = Debug;
		};
		222EB2962D1E9BD400524C55 /* Release */ = {
			isa = XCBuildConfiguration;
			buildSettings = {
				ALWAYS_SEARCH_USER_PATHS = NO;
				CLANG_ANALYZER_NONNULL = YES;
				CLANG_ANALYZER_NUMBER_OBJECT_CONVERSION = YES_AGGRESSIVE;
				CLANG_CXX_LANGUAGE_STANDARD = "gnu++20";
				CLANG_ENABLE_MODULES = YES;
				CLANG_ENABLE_OBJC_ARC = YES;
				CLANG_ENABLE_OBJC_WEAK = YES;
				CLANG_WARN_BLOCK_CAPTURE_AUTORELEASING = YES;
				CLANG_WARN_BOOL_CONVERSION = YES;
				CLANG_WARN_COMMA = YES;
				CLANG_WARN_CONSTANT_CONVERSION = YES;
				CLANG_WARN_DEPRECATED_OBJC_IMPLEMENTATIONS = YES;
				CLANG_WARN_DIRECT_OBJC_ISA_USAGE = YES_ERROR;
				CLANG_WARN_DOCUMENTATION_COMMENTS = YES;
				CLANG_WARN_EMPTY_BODY = YES;
				CLANG_WARN_ENUM_CONVERSION = YES;
				CLANG_WARN_INFINITE_RECURSION = YES;
				CLANG_WARN_INT_CONVERSION = YES;
				CLANG_WARN_NON_LITERAL_NULL_CONVERSION = YES;
				CLANG_WARN_OBJC_IMPLICIT_RETAIN_SELF = YES;
				CLANG_WARN_OBJC_LITERAL_CONVERSION = YES;
				CLANG_WARN_OBJC_ROOT_CLASS = YES_ERROR;
				CLANG_WARN_QUOTED_INCLUDE_IN_FRAMEWORK_HEADER = YES;
				CLANG_WARN_RANGE_LOOP_ANALYSIS = YES;
				CLANG_WARN_STRICT_PROTOTYPES = YES;
				CLANG_WARN_SUSPICIOUS_MOVE = YES;
				CLANG_WARN_UNGUARDED_AVAILABILITY = YES_AGGRESSIVE;
				CLANG_WARN_UNREACHABLE_CODE = YES;
				CLANG_WARN__DUPLICATE_METHOD_MATCH = YES;
				COPY_PHASE_STRIP = NO;
				DEBUG_INFORMATION_FORMAT = "dwarf-with-dsym";
				ENABLE_NS_ASSERTIONS = NO;
				ENABLE_STRICT_OBJC_MSGSEND = YES;
				GCC_C_LANGUAGE_STANDARD = gnu11;
				GCC_NO_COMMON_BLOCKS = YES;
				GCC_WARN_64_TO_32_BIT_CONVERSION = YES;
				GCC_WARN_ABOUT_RETURN_TYPE = YES_ERROR;
				GCC_WARN_UNDECLARED_SELECTOR = YES;
				GCC_WARN_UNINITIALIZED_AUTOS = YES_AGGRESSIVE;
				GCC_WARN_UNUSED_FUNCTION = YES;
				GCC_WARN_UNUSED_VARIABLE = YES;
				IPHONEOS_DEPLOYMENT_TARGET = 16.2;
				MTL_ENABLE_DEBUG_INFO = NO;
				MTL_FAST_MATH = YES;
				SDKROOT = iphoneos;
				SWIFT_COMPILATION_MODE = wholemodule;
				SWIFT_OPTIMIZATION_LEVEL = "-O";
				VALIDATE_PRODUCT = YES;
			};
			name = Release;
		};
		222EB2982D1E9BD400524C55 /* Debug */ = {
			isa = XCBuildConfiguration;
			buildSettings = {
				ASSETCATALOG_COMPILER_APPICON_NAME = AppIcon;
				ASSETCATALOG_COMPILER_GLOBAL_ACCENT_COLOR_NAME = AccentColor;
				CODE_SIGN_STYLE = Automatic;
				CURRENT_PROJECT_VERSION = 1;
				DEVELOPMENT_ASSET_PATHS = "\"Readictionary/Preview Content\"";
				DEVELOPMENT_TEAM = 34JJ25HPYU;
				ENABLE_PREVIEWS = YES;
				GENERATE_INFOPLIST_FILE = YES;
				INFOPLIST_KEY_UIApplicationSceneManifest_Generation = YES;
				INFOPLIST_KEY_UIApplicationSupportsIndirectInputEvents = YES;
				INFOPLIST_KEY_UILaunchScreen_Generation = YES;
				INFOPLIST_KEY_UISupportedInterfaceOrientations_iPad = "UIInterfaceOrientationPortrait UIInterfaceOrientationPortraitUpsideDown UIInterfaceOrientationLandscapeLeft UIInterfaceOrientationLandscapeRight";
				INFOPLIST_KEY_UISupportedInterfaceOrientations_iPhone = "UIInterfaceOrientationPortrait UIInterfaceOrientationLandscapeLeft UIInterfaceOrientationLandscapeRight";
				LD_RUNPATH_SEARCH_PATHS = (
					"$(inherited)",
					"@executable_path/Frameworks",
				);
				MARKETING_VERSION = 1.0;
				PRODUCT_BUNDLE_IDENTIFIER = com.robertopineda.Readictionary;
				PRODUCT_NAME = "$(TARGET_NAME)";
				SWIFT_EMIT_LOC_STRINGS = YES;
				SWIFT_VERSION = 5.0;
				TARGETED_DEVICE_FAMILY = "1,2";
			};
			name = Debug;
		};
		222EB2992D1E9BD400524C55 /* Release */ = {
			isa = XCBuildConfiguration;
			buildSettings = {
				ASSETCATALOG_COMPILER_APPICON_NAME = AppIcon;
				ASSETCATALOG_COMPILER_GLOBAL_ACCENT_COLOR_NAME = AccentColor;
				CODE_SIGN_STYLE = Automatic;
				CURRENT_PROJECT_VERSION = 1;
				DEVELOPMENT_ASSET_PATHS = "\"Readictionary/Preview Content\"";
				DEVELOPMENT_TEAM = 34JJ25HPYU;
				ENABLE_PREVIEWS = YES;
				GENERATE_INFOPLIST_FILE = YES;
				INFOPLIST_KEY_UIApplicationSceneManifest_Generation = YES;
				INFOPLIST_KEY_UIApplicationSupportsIndirectInputEvents = YES;
				INFOPLIST_KEY_UILaunchScreen_Generation = YES;
				INFOPLIST_KEY_UISupportedInterfaceOrientations_iPad = "UIInterfaceOrientationPortrait UIInterfaceOrientationPortraitUpsideDown UIInterfaceOrientationLandscapeLeft UIInterfaceOrientationLandscapeRight";
				INFOPLIST_KEY_UISupportedInterfaceOrientations_iPhone = "UIInterfaceOrientationPortrait UIInterfaceOrientationLandscapeLeft UIInterfaceOrientationLandscapeRight";
				LD_RUNPATH_SEARCH_PATHS = (
					"$(inherited)",
					"@executable_path/Frameworks",
				);
				MARKETING_VERSION = 1.0;
				PRODUCT_BUNDLE_IDENTIFIER = com.robertopineda.Readictionary;
				PRODUCT_NAME = "$(TARGET_NAME)";
				SWIFT_EMIT_LOC_STRINGS = YES;
				SWIFT_VERSION = 5.0;
				TARGETED_DEVICE_FAMILY = "1,2";
			};
			name = Release;
		};
/* End XCBuildConfiguration section */

/* Begin XCConfigurationList section */
		222EB2842D1E9BD200524C55 /* Build configuration list for PBXProject "Readictionary" */ = {
			isa = XCConfigurationList;
			buildConfigurations = (
				222EB2952D1E9BD400524C55 /* Debug */,
				222EB2962D1E9BD400524C55 /* Release */,
			);
			defaultConfigurationIsVisible = 0;
			defaultConfigurationName = Release;
		};
		222EB2972D1E9BD400524C55 /* Build configuration list for PBXNativeTarget "Readictionary" */ = {
			isa = XCConfigurationList;
			buildConfigurations = (
				222EB2982D1E9BD400524C55 /* Debug */,
				222EB2992D1E9BD400524C55 /* Release */,
			);
			defaultConfigurationIsVisible = 0;
			defaultConfigurationName = Release;
		};
/* End XCConfigurationList section */
	};
	rootObject = 222EB2812D1E9BD200524C55 /* Project object */;
}
